
Microsoft Visual Studio Solution File, Format Version 12.00
# Visual Studio 14
VisualStudioVersion = 14.0.25420.1
MinimumVisualStudioVersion = 10.0.40219.1
Project("{FAE04EC0-301F-11D3-BF4B-00C04F79EFBC}") = "aync_test", "aync_test\aync_test.csproj", "{A6B8F8ED-A16F-451F-B1A6-B8C0F81BC392}"
EndProject
Project("{FAE04EC0-301F-11D3-BF4B-00C04F79EFBC}") = "msdnExample", "msdnExample\msdnExample.csproj", "{019368E9-BC44-4917-824B-C1C1BB267209}"
EndProject
Project("{FAE04EC0-301F-11D3-BF4B-00C04F79EFBC}") = "AsyncExampleWPF_msdn", "AsyncExampleWPF_msdn\AsyncExampleWPF_msdn.csproj", "{D340AE80-3BC6-463C-A308-414662ABD121}"
EndProject
Project("{FAE04EC0-301F-11D3-BF4B-00C04F79EFBC}") = "AvoidRepeatFunctionCall", "AvoidRepeatFunctionCall\AvoidRepeatFunctionCall.csproj", "{C9481C0E-5FC6-4F9A-942D-41BB02A7CCF1}"
EndProject
Project("{FAE04EC0-301F-11D3-BF4B-00C04F79EFBC}") = "SequentiallyExecutedTasks", "SequentiallyExecutedTasks\SequentiallyExecutedTasks.csproj", "{9107BCFE-EE1D-463F-9B85-D66F444A6E47}"
EndProject
Project("{FAE04EC0-301F-11D3-BF4B-00C04F79EFBC}") = "toGetResult", "toGetResult\toGetResult.csproj", "{70709892-470B-43E3-8DA9-0BB4F4D713AC}"
EndProject
Project("{FAE04EC0-301F-11D3-BF4B-00C04F79EFBC}") = "timerTest", "timerTest\timerTest.csproj", "{90595274-9D55-4171-8FFA-DD5484E79D68}"
EndProject
Project("{FAE04EC0-301F-11D3-BF4B-00C04F79EFBC}") = "CancelTaskExample_msdn", "CancelTaskExample_msdn\CancelTaskExample_msdn.csproj", "{1F043DDB-DB62-49C2-B10B-C83761AD5053}"
EndProject
Global
	GlobalSection(SolutionConfigurationPlatforms) = preSolution
		Debug|Any CPU = Debug|Any CPU
		Release|Any CPU = Release|Any CPU
	EndGlobalSection
	GlobalSection(ProjectConfigurationPlatforms) = postSolution
		{A6B8F8ED-A16F-451F-B1A6-B8C0F81BC392}.Debug|Any CPU.ActiveCfg = Debug|Any CPU
		{A6B8F8ED-A16F-451F-B1A6-B8C0F81BC392}.Debug|Any CPU.Build.0 = Debug|Any CPU
		{A6B8F8ED-A16F-451F-B1A6-B8C0F81BC392}.Release|Any CPU.ActiveCfg = Release|Any CPU
		{A6B8F8ED-A16F-451F-B1A6-B8C0F81BC392}.Release|Any CPU.Build.0 = Release|Any CPU
		{019368E9-BC44-4917-824B-C1C1BB267209}.Debug|Any CPU.ActiveCfg = Debug|Any CPU
		{019368E9-BC44-4917-824B-C1C1BB267209}.Debug|Any CPU.Build.0 = Debug|Any CPU
		{019368E9-BC44-4917-824B-C1C1BB267209}.Release|Any CPU.ActiveCfg = Release|Any CPU
		{019368E9-BC44-4917-824B-C1C1BB267209}.Release|Any CPU.Build.0 = Release|Any CPU
		{D340AE80-3BC6-463C-A308-414662ABD121}.Debug|Any CPU.ActiveCfg = Debug|Any CPU
		{D340AE80-3BC6-463C-A308-414662ABD121}.Debug|Any CPU.Build.0 = Debug|Any CPU
		{D340AE80-3BC6-463C-A308-414662ABD121}.Release|Any CPU.ActiveCfg = Release|Any CPU
		{D340AE80-3BC6-463C-A308-414662ABD121}.Release|Any CPU.Build.0 = Release|Any CPU
		{C9481C0E-5FC6-4F9A-942D-41BB02A7CCF1}.Debug|Any CPU.ActiveCfg = Debug|Any CPU
		{C9481C0E-5FC6-4F9A-942D-41BB02A7CCF1}.Debug|Any CPU.Build.0 = Debug|Any CPU
		{C9481C0E-5FC6-4F9A-942D-41BB02A7CCF1}.Release|Any CPU.ActiveCfg = Release|Any CPU
		{C9481C0E-5FC6-4F9A-942D-41BB02A7CCF1}.Release|Any CPU.Build.0 = Release|Any CPU
		{9107BCFE-EE1D-463F-9B85-D66F444A6E47}.Debug|Any CPU.ActiveCfg = Debug|Any CPU
		{9107BCFE-EE1D-463F-9B85-D66F444A6E47}.Debug|Any CPU.Build.0 = Debug|Any CPU
		{9107BCFE-EE1D-463F-9B85-D66F444A6E47}.Release|Any CPU.ActiveCfg = Release|Any CPU
		{9107BCFE-EE1D-463F-9B85-D66F444A6E47}.Release|Any CPU.Build.0 = Release|Any CPU
		{70709892-470B-43E3-8DA9-0BB4F4D713AC}.Debug|Any CPU.ActiveCfg = Debug|Any CPU
		{70709892-470B-43E3-8DA9-0BB4F4D713AC}.Debug|Any CPU.Build.0 = Debug|Any CPU
		{70709892-470B-43E3-8DA9-0BB4F4D713AC}.Release|Any CPU.ActiveCfg = Release|Any CPU
		{70709892-470B-43E3-8DA9-0BB4F4D713AC}.Release|Any CPU.Build.0 = Release|Any CPU
		{90595274-9D55-4171-8FFA-DD5484E79D68}.Debug|Any CPU.ActiveCfg = Debug|Any CPU
		{90595274-9D55-4171-8FFA-DD5484E79D68}.Debug|Any CPU.Build.0 = Debug|Any CPU
		{90595274-9D55-4171-8FFA-DD5484E79D68}.Release|Any CPU.ActiveCfg = Release|Any CPU
		{90595274-9D55-4171-8FFA-DD5484E79D68}.Release|Any CPU.Build.0 = Release|Any CPU
		{1F043DDB-DB62-49C2-B10B-C83761AD5053}.Debug|Any CPU.ActiveCfg = Debug|Any CPU
		{1F043DDB-DB62-49C2-B10B-C83761AD5053}.Debug|Any CPU.Build.0 = Debug|Any CPU
		{1F043DDB-DB62-49C2-B10B-C83761AD5053}.Release|Any CPU.ActiveCfg = Release|Any CPU
		{1F043DDB-DB62-49C2-B10B-C83761AD5053}.Release|Any CPU.Build.0 = Release|Any CPU
	EndGlobalSection
	GlobalSection(SolutionProperties) = preSolution
		HideSolutionNode = FALSE
	EndGlobalSection
EndGlobal
